# THIS IS AN AUTOGENERATED FILE. DO NOT EDIT THIS FILE DIRECTLY.
# yarn lockfile v1


abab@^1.0.0:
  version "1.0.4"
  resolved "https://registry.npmjs.org/abab/-/abab-1.0.4.tgz#5faad9c2c07f60dd76770f71cf025b62a63cfd4e"

acorn-globals@^1.0.4:
  version "1.0.9"
  resolved "https://registry.npmjs.org/acorn-globals/-/acorn-globals-1.0.9.tgz#55bb5e98691507b74579d0513413217c380c54cf"
  dependencies:
    acorn "^2.1.0"

acorn@^2.1.0, acorn@^2.4.0:
  version "2.7.0"
  resolved "https://registry.npmjs.org/acorn/-/acorn-2.7.0.tgz#ab6e7d9d886aaca8b085bc3312b79a198433f0e7"

ajv@^6.5.5:
  version "6.6.2"
  resolved "https://registry.npmjs.org/ajv/-/ajv-6.6.2.tgz#caceccf474bf3fc3ce3b147443711a24063cc30d"
  dependencies:
    fast-deep-equal "^2.0.1"
    fast-json-stable-stringify "^2.0.0"
    json-schema-traverse "^0.4.1"
    uri-js "^4.2.2"

asn1@~0.2.3:
  version "0.2.4"
  resolved "https://registry.npmjs.org/asn1/-/asn1-0.2.4.tgz#8d2475dfab553bb33e77b54e59e880bb8ce23136"
  dependencies:
    safer-buffer "~2.1.0"

assert-plus@1.0.0, assert-plus@^1.0.0:
  version "1.0.0"
  resolved "https://registry.npmjs.org/assert-plus/-/assert-plus-1.0.0.tgz#f12e0f3c5d77b0b1cdd9146942e4e96c1e4dd525"

assured@^1.0.12:
  version "1.0.13"
  resolved "https://registry.npmjs.org/assured/-/assured-1.0.13.tgz#a63c61339b4c6aef596783cca52a17c613f9b810"
  dependencies:
    noop6 "^1.0.1"
    sliced "^1.0.1"

async@^2.6.1:
  version "2.6.1"
  resolved "https://registry.npmjs.org/async/-/async-2.6.1.tgz#b245a23ca71930044ec53fa46aa00a3e87c6a610"
  dependencies:
    lodash "^4.17.10"

asynckit@^0.4.0:
  version "0.4.0"
  resolved "https://registry.npmjs.org/asynckit/-/asynckit-0.4.0.tgz#c79ed97f7f34cb8f2ba1bc9790bcc366474b4b79"

aws-sign2@~0.7.0:
  version "0.7.0"
  resolved "https://registry.npmjs.org/aws-sign2/-/aws-sign2-0.7.0.tgz#b46e890934a9591f2d2f6f86d7e6a9f1b3fe76a8"

aws4@^1.8.0:
  version "1.8.0"
  resolved "https://registry.npmjs.org/aws4/-/aws4-1.8.0.tgz#f0e003d9ca9e7f59c7a508945d7b2ef9a04a542f"

barbe@^3.0.4:
  version "3.0.15"
  resolved "https://registry.npmjs.org/barbe/-/barbe-3.0.15.tgz#924fbf7a7bd7e55b4f01b6d16b7e7f650233548b"
  dependencies:
    iterate-object "^1.3.2"
    regex-escape "^3.0.0"
    typpy "^2.3.1"

bcrypt-pbkdf@^1.0.0:
  version "1.0.2"
  resolved "https://registry.npmjs.org/bcrypt-pbkdf/-/bcrypt-pbkdf-1.0.2.tgz#a4301d389b6a43f9b67ff3ca11a3f6637e360e9e"
  dependencies:
    tweetnacl "^0.14.3"

bluebird@^3.5.0:
  version "3.5.3"
  resolved "https://registry.npmjs.org/bluebird/-/bluebird-3.5.3.tgz#7d01c6f9616c9a51ab0f8c549a79dfe6ec33efa7"

boolbase@~1.0.0:
  version "1.0.0"
  resolved "https://registry.npmjs.org/boolbase/-/boolbase-1.0.0.tgz#68dff5fbe60c51eb37725ea9e3ed310dcc1e776e"

caseless@~0.12.0:
  version "0.12.0"
  resolved "https://registry.npmjs.org/caseless/-/caseless-0.12.0.tgz#1b681c21ff84033c826543090689420d187151dc"

cheerio-req@^1.2.2:
  version "1.2.3"
  resolved "https://registry.npmjs.org/cheerio-req/-/cheerio-req-1.2.3.tgz#410953396ffb2d556f523f02c7df13b1ebdb0e57"
  dependencies:
    cheerio "^0.20.0"
    tinyreq "^3.3.0"

cheerio@^0.20.0:
  version "0.20.0"
  resolved "https://registry.npmjs.org/cheerio/-/cheerio-0.20.0.tgz#5c710f2bab95653272842ba01c6ea61b3545ec35"
  dependencies:
    css-select "~1.2.0"
    dom-serializer "~0.1.0"
    entities "~1.1.1"
    htmlparser2 "~3.8.1"
    lodash "^4.1.0"
  optionalDependencies:
    jsdom "^7.0.2"

cheerio@^0.22.0:
  version "0.22.0"
  resolved "https://registry.npmjs.org/cheerio/-/cheerio-0.22.0.tgz#a9baa860a3f9b595a6b81b1a86873121ed3a269e"
  dependencies:
    css-select "~1.2.0"
    dom-serializer "~0.1.0"
    entities "~1.1.1"
    htmlparser2 "^3.9.1"
    lodash.assignin "^4.0.9"
    lodash.bind "^4.1.4"
    lodash.defaults "^4.0.1"
    lodash.filter "^4.4.0"
    lodash.flatten "^4.2.0"
    lodash.foreach "^4.3.0"
    lodash.map "^4.4.0"
    lodash.merge "^4.4.0"
    lodash.pick "^4.2.1"
    lodash.reduce "^4.4.0"
    lodash.reject "^4.4.0"
    lodash.some "^4.4.0"

combined-stream@^1.0.6, combined-stream@~1.0.6:
  version "1.0.7"
  resolved "https://registry.npmjs.org/combined-stream/-/combined-stream-1.0.7.tgz#2d1d24317afb8abe95d6d2c0b07b57813539d828"
  dependencies:
    delayed-stream "~1.0.0"

core-util-is@1.0.2, core-util-is@~1.0.0:
  version "1.0.2"
  resolved "https://registry.npmjs.org/core-util-is/-/core-util-is-1.0.2.tgz#b5fd54220aa2bc5ab57aab7140c940754503c1a7"

css-select@~1.2.0:
  version "1.2.0"
  resolved "https://registry.npmjs.org/css-select/-/css-select-1.2.0.tgz#2b3a110539c5355f1cd8d314623e870b121ec858"
  dependencies:
    boolbase "~1.0.0"
    css-what "2.1"
    domutils "1.5.1"
    nth-check "~1.0.1"

css-what@2.1:
  version "2.1.2"
  resolved "https://registry.npmjs.org/css-what/-/css-what-2.1.2.tgz#c0876d9d0480927d7d4920dcd72af3595649554d"

cssom@0.3.x, "cssom@>= 0.3.0 < 0.4.0":
  version "0.3.4"
  resolved "https://registry.npmjs.org/cssom/-/cssom-0.3.4.tgz#8cd52e8a3acfd68d3aed38ee0a640177d2f9d797"

"cssstyle@>= 0.2.29 < 0.3.0":
  version "0.2.37"
  resolved "https://registry.npmjs.org/cssstyle/-/cssstyle-0.2.37.tgz#541097234cb2513c83ceed3acddc27ff27987d54"
  dependencies:
    cssom "0.3.x"

dashdash@^1.12.0:
  version "1.14.1"
  resolved "https://registry.npmjs.org/dashdash/-/dashdash-1.14.1.tgz#853cfa0f7cbe2fed5de20326b8dd581035f6e2f0"
  dependencies:
    assert-plus "^1.0.0"

debug@=3.1.0:
  version "3.1.0"
  resolved "https://registry.npmjs.org/debug/-/debug-3.1.0.tgz#5bb5a0672628b64149566ba16819e61518c67261"
  dependencies:
    ms "2.0.0"

deep-is@~0.1.3:
  version "0.1.3"
  resolved "https://registry.npmjs.org/deep-is/-/deep-is-0.1.3.tgz#b369d6fb5dbc13eecf524f91b070feedc357cf34"

deffy@^2.2.2:
  version "2.2.3"
  resolved "https://registry.npmjs.org/deffy/-/deffy-2.2.3.tgz#16671c969a8fc447c76dd6bb0d265dd2d1b9c361"
  dependencies:
    typpy "^2.0.0"

delayed-stream@~1.0.0:
  version "1.0.0"
  resolved "https://registry.npmjs.org/delayed-stream/-/delayed-stream-1.0.0.tgz#df3ae199acadfb7d440aaae0b29e2272b24ec619"

dom-serializer@0, dom-serializer@~0.1.0:
  version "0.1.0"
  resolved "https://registry.npmjs.org/dom-serializer/-/dom-serializer-0.1.0.tgz#073c697546ce0780ce23be4a28e293e40bc30c82"
  dependencies:
    domelementtype "~1.1.1"
    entities "~1.1.1"

domelementtype@1, domelementtype@^1.3.0:
  version "1.3.1"
  resolved "https://registry.npmjs.org/domelementtype/-/domelementtype-1.3.1.tgz#d048c44b37b0d10a7f2a3d5fee3f4333d790481f"

domelementtype@~1.1.1:
  version "1.1.3"
  resolved "https://registry.npmjs.org/domelementtype/-/domelementtype-1.1.3.tgz#bd28773e2642881aec51544924299c5cd822185b"

domhandler@2.3:
  version "2.3.0"
  resolved "https://registry.npmjs.org/domhandler/-/domhandler-2.3.0.tgz#2de59a0822d5027fabff6f032c2b25a2a8abe738"
  dependencies:
    domelementtype "1"

domhandler@^2.3.0:
  version "2.4.2"
  resolved "https://registry.npmjs.org/domhandler/-/domhandler-2.4.2.tgz#8805097e933d65e85546f726d60f5eb88b44f803"
  dependencies:
    domelementtype "1"

domutils@1.5, domutils@1.5.1:
  version "1.5.1"
  resolved "https://registry.npmjs.org/domutils/-/domutils-1.5.1.tgz#dcd8488a26f563d61079e48c9f7b7e32373682cf"
  dependencies:
    dom-serializer "0"
    domelementtype "1"

domutils@^1.5.1:
  version "1.7.0"
  resolved "https://registry.npmjs.org/domutils/-/domutils-1.7.0.tgz#56ea341e834e06e6748af7a1cb25da67ea9f8c2a"
  dependencies:
    dom-serializer "0"
    domelementtype "1"

dotenv@^6.2.0:
  version "6.2.0"
  resolved "https://registry.npmjs.org/dotenv/-/dotenv-6.2.0.tgz#941c0410535d942c8becf28d3f357dbd9d476064"

ecc-jsbn@~0.1.1:
  version "0.1.2"
  resolved "https://registry.npmjs.org/ecc-jsbn/-/ecc-jsbn-0.1.2.tgz#3a83a904e54353287874c564b7549386849a98c9"
  dependencies:
    jsbn "~0.1.0"
    safer-buffer "^2.1.0"

entities@1.0:
  version "1.0.0"
  resolved "https://registry.npmjs.org/entities/-/entities-1.0.0.tgz#b2987aa3821347fcde642b24fdfc9e4fb712bf26"

entities@^1.1.1, entities@~1.1.1:
  version "1.1.2"
  resolved "https://registry.npmjs.org/entities/-/entities-1.1.2.tgz#bdfa735299664dfafd34529ed4f8522a275fea56"

err@^2.1.10:
  version "2.1.11"
  resolved "https://registry.npmjs.org/err/-/err-2.1.11.tgz#204056ce3929360cd4c868b4743873d88472bb41"
  dependencies:
    barbe "^3.0.4"
    iterate-object "^1.3.1"
    typpy "^2.2.0"

escodegen@^1.6.1:
  version "1.11.0"
  resolved "https://registry.npmjs.org/escodegen/-/escodegen-1.11.0.tgz#b27a9389481d5bfd5bec76f7bb1eb3f8f4556589"
  dependencies:
    esprima "^3.1.3"
    estraverse "^4.2.0"
    esutils "^2.0.2"
    optionator "^0.8.1"
  optionalDependencies:
    source-map "~0.6.1"

esprima@^3.1.3:
  version "3.1.3"
  resolved "https://registry.npmjs.org/esprima/-/esprima-3.1.3.tgz#fdca51cee6133895e3c88d535ce49dbff62a4633"

estraverse@^4.2.0:
  version "4.2.0"
  resolved "https://registry.npmjs.org/estraverse/-/estraverse-4.2.0.tgz#0dee3fed31fcd469618ce7342099fc1afa0bdb13"

esutils@^2.0.2:
  version "2.0.2"
  resolved "https://registry.npmjs.org/esutils/-/esutils-2.0.2.tgz#0abf4f1caa5bcb1f7a9d8acc6dea4faaa04bac9b"

extend@~3.0.2:
  version "3.0.2"
  resolved "https://registry.npmjs.org/extend/-/extend-3.0.2.tgz#f8b1136b4071fbd8eb140aff858b1019ec2915fa"

extsprintf@1.3.0:
  version "1.3.0"
  resolved "https://registry.npmjs.org/extsprintf/-/extsprintf-1.3.0.tgz#96918440e3041a7a414f8c52e3c574eb3c3e1e05"

extsprintf@^1.2.0:
  version "1.4.0"
  resolved "https://registry.npmjs.org/extsprintf/-/extsprintf-1.4.0.tgz#e2689f8f356fad62cca65a3a91c5df5f9551692f"

fast-deep-equal@^2.0.1:
  version "2.0.1"
  resolved "https://registry.npmjs.org/fast-deep-equal/-/fast-deep-equal-2.0.1.tgz#7b05218ddf9667bf7f370bf7fdb2cb15fdd0aa49"

fast-json-stable-stringify@^2.0.0:
  version "2.0.0"
  resolved "https://registry.npmjs.org/fast-json-stable-stringify/-/fast-json-stable-stringify-2.0.0.tgz#d5142c0caee6b1189f87d3a76111064f86c8bbf2"

fast-levenshtein@~2.0.4:
  version "2.0.6"
  resolved "https://registry.npmjs.org/fast-levenshtein/-/fast-levenshtein-2.0.6.tgz#3d8a5c66883a16a30ca8643e851f19baa7797917"

follow-redirects@^1.4.1:
  version "1.6.1"
  resolved "https://registry.npmjs.org/follow-redirects/-/follow-redirects-1.6.1.tgz#514973c44b5757368bad8bddfe52f81f015c94cb"
  dependencies:
    debug "=3.1.0"

forever-agent@~0.6.1:
  version "0.6.1"
  resolved "https://registry.npmjs.org/forever-agent/-/forever-agent-0.6.1.tgz#fbc71f0c41adeb37f96c577ad1ed42d8fdacca91"

form-data@~2.3.2:
  version "2.3.3"
  resolved "https://registry.npmjs.org/form-data/-/form-data-2.3.3.tgz#dcce52c05f644f298c6a7ab936bd724ceffbf3a6"
  dependencies:
    asynckit "^0.4.0"
    combined-stream "^1.0.6"
    mime-types "^2.1.12"

fs-extra@^7.0.1:
  version "7.0.1"
  resolved "https://registry.npmjs.org/fs-extra/-/fs-extra-7.0.1.tgz#4f189c44aa123b895f722804f55ea23eadc348e9"
  dependencies:
    graceful-fs "^4.1.2"
    jsonfile "^4.0.0"
    universalify "^0.1.0"

function.name@^1.0.3:
  version "1.0.12"
  resolved "https://registry.npmjs.org/function.name/-/function.name-1.0.12.tgz#34eec84476d9fb67977924a4cdcb98ec85695726"
  dependencies:
    noop6 "^1.0.1"

getpass@^0.1.1:
  version "0.1.7"
  resolved "https://registry.npmjs.org/getpass/-/getpass-0.1.7.tgz#5eff8e3e684d569ae4cb2b1282604e8ba62149fa"
  dependencies:
    assert-plus "^1.0.0"

graceful-fs@^4.1.2, graceful-fs@^4.1.6:
  version "4.1.15"
  resolved "https://registry.npmjs.org/graceful-fs/-/graceful-fs-4.1.15.tgz#ffb703e1066e8a0eeaa4c8b80ba9253eeefbfb00"

har-schema@^2.0.0:
  version "2.0.0"
  resolved "https://registry.npmjs.org/har-schema/-/har-schema-2.0.0.tgz#a94c2224ebcac04782a0d9035521f24735b7ec92"

har-validator@~5.1.0:
  version "5.1.3"
  resolved "https://registry.npmjs.org/har-validator/-/har-validator-5.1.3.tgz#1ef89ebd3e4996557675eed9893110dc350fa080"
  dependencies:
    ajv "^6.5.5"
    har-schema "^2.0.0"

htmlparser2@^3.9.1:
  version "3.10.0"
  resolved "https://registry.npmjs.org/htmlparser2/-/htmlparser2-3.10.0.tgz#5f5e422dcf6119c0d983ed36260ce9ded0bee464"
  dependencies:
    domelementtype "^1.3.0"
    domhandler "^2.3.0"
    domutils "^1.5.1"
    entities "^1.1.1"
    inherits "^2.0.1"
    readable-stream "^3.0.6"

htmlparser2@~3.8.1:
  version "3.8.3"
  resolved "https://registry.npmjs.org/htmlparser2/-/htmlparser2-3.8.3.tgz#996c28b191516a8be86501a7d79757e5c70c1068"
  dependencies:
    domelementtype "1"
    domhandler "2.3"
    domutils "1.5"
    entities "1.0"
    readable-stream "1.1"

http-signature@~1.2.0:
  version "1.2.0"
  resolved "https://registry.npmjs.org/http-signature/-/http-signature-1.2.0.tgz#9aecd925114772f3d95b65a60abb8f7c18fbace1"
  dependencies:
    assert-plus "^1.0.0"
    jsprim "^1.2.2"
    sshpk "^1.7.0"

inherits@^2.0.1, inherits@^2.0.3, inherits@~2.0.1:
  version "2.0.3"
  resolved "https://registry.npmjs.org/inherits/-/inherits-2.0.3.tgz#633c2c83e3da42a502f52466022480f4208261de"

is-empty-obj@^1.0.10:
  version "1.0.11"
  resolved "https://registry.npmjs.org/is-empty-obj/-/is-empty-obj-1.0.11.tgz#cfd404c26c988ad30c4beb272a757a137898c4bf"

is-typedarray@~1.0.0:
  version "1.0.0"
  resolved "https://registry.npmjs.org/is-typedarray/-/is-typedarray-1.0.0.tgz#e479c80858df0c1b11ddda6940f96011fcda4a9a"

isarray@0.0.1:
  version "0.0.1"
  resolved "https://registry.npmjs.org/isarray/-/isarray-0.0.1.tgz#8a18acfca9a8f4177e09abfc6038939b05d1eedf"

isstream@~0.1.2:
  version "0.1.2"
  resolved "https://registry.npmjs.org/isstream/-/isstream-0.1.2.tgz#47e63f7af55afa6f92e1500e690eb8b8529c099a"

iterate-object@^1.3.1, iterate-object@^1.3.2:
  version "1.3.3"
  resolved "https://registry.npmjs.org/iterate-object/-/iterate-object-1.3.3.tgz#c58e60f7f0caefa2d382027a484b215988a7a296"

jsbn@~0.1.0:
  version "0.1.1"
  resolved "https://registry.npmjs.org/jsbn/-/jsbn-0.1.1.tgz#a5e654c2e5a2deb5f201d96cefbca80c0ef2f513"

jsdom@^7.0.2:
  version "7.2.2"
  resolved "https://registry.npmjs.org/jsdom/-/jsdom-7.2.2.tgz#40b402770c2bda23469096bee91ab675e3b1fc6e"
  dependencies:
    abab "^1.0.0"
    acorn "^2.4.0"
    acorn-globals "^1.0.4"
    cssom ">= 0.3.0 < 0.4.0"
    cssstyle ">= 0.2.29 < 0.3.0"
    escodegen "^1.6.1"
    nwmatcher ">= 1.3.7 < 2.0.0"
    parse5 "^1.5.1"
    request "^2.55.0"
    sax "^1.1.4"
    symbol-tree ">= 3.1.0 < 4.0.0"
    tough-cookie "^2.2.0"
    webidl-conversions "^2.0.0"
    whatwg-url-compat "~0.6.5"
    xml-name-validator ">= 2.0.1 < 3.0.0"

json-schema-traverse@^0.4.1:
  version "0.4.1"
  resolved "https://registry.npmjs.org/json-schema-traverse/-/json-schema-traverse-0.4.1.tgz#69f6a87d9513ab8bb8fe63bdb0979c448e684660"

json-schema@0.2.3:
  version "0.2.3"
  resolved "https://registry.npmjs.org/json-schema/-/json-schema-0.2.3.tgz#b480c892e59a2f05954ce727bd3f2a4e882f9e13"

json-stringify-safe@~5.0.1:
  version "5.0.1"
  resolved "https://registry.npmjs.org/json-stringify-safe/-/json-stringify-safe-5.0.1.tgz#1296a2d58fd45f19a0f6ce01d65701e2c735b6eb"

jsonfile@^4.0.0:
  version "4.0.0"
  resolved "https://registry.npmjs.org/jsonfile/-/jsonfile-4.0.0.tgz#8771aae0799b64076b76640fca058f9c10e33ecb"
  optionalDependencies:
    graceful-fs "^4.1.6"

jsprim@^1.2.2:
  version "1.4.1"
  resolved "https://registry.npmjs.org/jsprim/-/jsprim-1.4.1.tgz#313e66bc1e5cc06e438bc1b7499c2e5c56acb6a2"
  dependencies:
    assert-plus "1.0.0"
    extsprintf "1.3.0"
    json-schema "0.2.3"
    verror "1.10.0"

levn@~0.3.0:
  version "0.3.0"
  resolved "https://registry.npmjs.org/levn/-/levn-0.3.0.tgz#3b09924edf9f083c0490fdd4c0bc4421e04764ee"
  dependencies:
    prelude-ls "~1.1.2"
    type-check "~0.3.2"

lodash.assignin@^4.0.9:
  version "4.2.0"
  resolved "https://registry.npmjs.org/lodash.assignin/-/lodash.assignin-4.2.0.tgz#ba8df5fb841eb0a3e8044232b0e263a8dc6a28a2"

lodash.bind@^4.1.4:
  version "4.2.1"
  resolved "https://registry.npmjs.org/lodash.bind/-/lodash.bind-4.2.1.tgz#7ae3017e939622ac31b7d7d7dcb1b34db1690d35"

lodash.defaults@^4.0.1:
  version "4.2.0"
  resolved "https://registry.npmjs.org/lodash.defaults/-/lodash.defaults-4.2.0.tgz#d09178716ffea4dde9e5fb7b37f6f0802274580c"

lodash.filter@^4.4.0:
  version "4.6.0"
  resolved "https://registry.npmjs.org/lodash.filter/-/lodash.filter-4.6.0.tgz#668b1d4981603ae1cc5a6fa760143e480b4c4ace"

lodash.flatten@^4.2.0:
  version "4.4.0"
  resolved "https://registry.npmjs.org/lodash.flatten/-/lodash.flatten-4.4.0.tgz#f31c22225a9632d2bbf8e4addbef240aa765a61f"

lodash.foreach@^4.3.0:
  version "4.5.0"
  resolved "https://registry.npmjs.org/lodash.foreach/-/lodash.foreach-4.5.0.tgz#1a6a35eace401280c7f06dddec35165ab27e3e53"

lodash.map@^4.4.0:
  version "4.6.0"
  resolved "https://registry.npmjs.org/lodash.map/-/lodash.map-4.6.0.tgz#771ec7839e3473d9c4cde28b19394c3562f4f6d3"

lodash.merge@^4.4.0:
  version "4.6.1"
  resolved "https://registry.npmjs.org/lodash.merge/-/lodash.merge-4.6.1.tgz#adc25d9cb99b9391c59624f379fbba60d7111d54"

lodash.pick@^4.2.1:
  version "4.4.0"
  resolved "https://registry.npmjs.org/lodash.pick/-/lodash.pick-4.4.0.tgz#52f05610fff9ded422611441ed1fc123a03001b3"

lodash.reduce@^4.4.0:
  version "4.6.0"
  resolved "https://registry.npmjs.org/lodash.reduce/-/lodash.reduce-4.6.0.tgz#f1ab6b839299ad48f784abbf476596f03b914d3b"

lodash.reject@^4.4.0:
  version "4.6.0"
  resolved "https://registry.npmjs.org/lodash.reject/-/lodash.reject-4.6.0.tgz#80d6492dc1470864bbf583533b651f42a9f52415"

lodash.some@^4.4.0:
  version "4.6.0"
  resolved "https://registry.npmjs.org/lodash.some/-/lodash.some-4.6.0.tgz#1bb9f314ef6b8baded13b549169b2a945eb68e4d"

lodash@^4.1.0, lodash@^4.13.1, lodash@^4.17.10, lodash@^4.17.11:
  version "4.17.11"
  resolved "https://registry.npmjs.org/lodash/-/lodash-4.17.11.tgz#b39ea6229ef607ecd89e2c8df12536891cac9b8d"

mime-db@~1.37.0:
  version "1.37.0"
  resolved "https://registry.npmjs.org/mime-db/-/mime-db-1.37.0.tgz#0b6a0ce6fdbe9576e25f1f2d2fde8830dc0ad0d8"

mime-types@^2.1.12, mime-types@~2.1.19:
  version "2.1.21"
  resolved "https://registry.npmjs.org/mime-types/-/mime-types-2.1.21.tgz#28995aa1ecb770742fe6ae7e58f9181c744b3f96"
  dependencies:
    mime-db "~1.37.0"

ms@2.0.0:
  version "2.0.0"
  resolved "https://registry.npmjs.org/ms/-/ms-2.0.0.tgz#5608aeadfc00be6c2901df5f9861788de0d597c8"

noop6@^1.0.1, noop6@^1.0.7:
  version "1.0.8"
  resolved "https://registry.npmjs.org/noop6/-/noop6-1.0.8.tgz#eff06e2e5b3621e9e5618f389d6a2294f76e64ad"

nth-check@~1.0.1:
  version "1.0.2"
  resolved "https://registry.npmjs.org/nth-check/-/nth-check-1.0.2.tgz#b2bd295c37e3dd58a3bf0700376663ba4d9cf05c"
  dependencies:
    boolbase "~1.0.0"

"nwmatcher@>= 1.3.7 < 2.0.0":
  version "1.4.4"
  resolved "https://registry.npmjs.org/nwmatcher/-/nwmatcher-1.4.4.tgz#2285631f34a95f0d0395cd900c96ed39b58f346e"

oauth-sign@~0.9.0:
  version "0.9.0"
  resolved "https://registry.npmjs.org/oauth-sign/-/oauth-sign-0.9.0.tgz#47a7b016baa68b5fa0ecf3dee08a85c679ac6455"

obj-def@^1.0.6:
  version "1.0.7"
  resolved "https://registry.npmjs.org/obj-def/-/obj-def-1.0.7.tgz#6ceb66fc4664dc260b7777d06173066573850661"
  dependencies:
    deffy "^2.2.2"

optionator@^0.8.1:
  version "0.8.2"
  resolved "https://registry.npmjs.org/optionator/-/optionator-0.8.2.tgz#364c5e409d3f4d6301d6c0b4c05bba50180aeb64"
  dependencies:
    deep-is "~0.1.3"
    fast-levenshtein "~2.0.4"
    levn "~0.3.0"
    prelude-ls "~1.1.2"
    type-check "~0.3.2"
    wordwrap "~1.0.0"

parse5@^1.5.1:
  version "1.5.1"
  resolved "https://registry.npmjs.org/parse5/-/parse5-1.5.1.tgz#9b7f3b0de32be78dc2401b17573ccaf0f6f59d94"

performance-now@^2.1.0:
  version "2.1.0"
  resolved "https://registry.npmjs.org/performance-now/-/performance-now-2.1.0.tgz#6309f4e0e5fa913ec1c69307ae364b4b377c9e7b"

prelude-ls@~1.1.2:
  version "1.1.2"
  resolved "https://registry.npmjs.org/prelude-ls/-/prelude-ls-1.1.2.tgz#21932a549f5e52ffd9a827f570e04be62a97da54"

psl@^1.1.24, psl@^1.1.28:
  version "1.1.31"
  resolved "https://registry.npmjs.org/psl/-/psl-1.1.31.tgz#e9aa86d0101b5b105cbe93ac6b784cd547276184"

punycode@^1.4.1:
  version "1.4.1"
  resolved "https://registry.npmjs.org/punycode/-/punycode-1.4.1.tgz#c0d5a63b2718800ad8e1eb0fa5269c84dd41845e"

punycode@^2.1.0, punycode@^2.1.1:
  version "2.1.1"
  resolved "https://registry.npmjs.org/punycode/-/punycode-2.1.1.tgz#b58b010ac40c22c5657616c8d2c2c02c7bf479ec"

qs@~6.5.2:
  version "6.5.2"
  resolved "https://registry.npmjs.org/qs/-/qs-6.5.2.tgz#cb3ae806e8740444584ef154ce8ee98d403f3e36"

readable-stream@1.1:
  version "1.1.13"
  resolved "https://registry.npmjs.org/readable-stream/-/readable-stream-1.1.13.tgz#f6eef764f514c89e2b9e23146a75ba106756d23e"
  dependencies:
    core-util-is "~1.0.0"
    inherits "~2.0.1"
    isarray "0.0.1"
    string_decoder "~0.10.x"

readable-stream@^3.0.6:
  version "3.1.1"
  resolved "https://registry.npmjs.org/readable-stream/-/readable-stream-3.1.1.tgz#ed6bbc6c5ba58b090039ff18ce670515795aeb06"
  dependencies:
    inherits "^2.0.3"
    string_decoder "^1.1.1"
    util-deprecate "^1.0.1"

regex-escape@^3.0.0:
  version "3.4.9"
  resolved "https://registry.npmjs.org/regex-escape/-/regex-escape-3.4.9.tgz#407b413562e2373d56994ff213e693658ea4f8f7"

request-promise-core@1.1.1:
  version "1.1.1"
  resolved "https://registry.npmjs.org/request-promise-core/-/request-promise-core-1.1.1.tgz#3eee00b2c5aa83239cfb04c5700da36f81cd08b6"
  dependencies:
    lodash "^4.13.1"

request-promise@^4.2.2:
  version "4.2.2"
  resolved "https://registry.npmjs.org/request-promise/-/request-promise-4.2.2.tgz#d1ea46d654a6ee4f8ee6a4fea1018c22911904b4"
  dependencies:
    bluebird "^3.5.0"
    request-promise-core "1.1.1"
    stealthy-require "^1.1.0"
    tough-cookie ">=2.3.3"

request@^2.55.0:
  version "2.88.0"
  resolved "https://registry.npmjs.org/request/-/request-2.88.0.tgz#9c2fca4f7d35b592efe57c7f0a55e81052124fef"
  dependencies:
    aws-sign2 "~0.7.0"
    aws4 "^1.8.0"
    caseless "~0.12.0"
    combined-stream "~1.0.6"
    extend "~3.0.2"
    forever-agent "~0.6.1"
    form-data "~2.3.2"
    har-validator "~5.1.0"
    http-signature "~1.2.0"
    is-typedarray "~1.0.0"
    isstream "~0.1.2"
    json-stringify-safe "~5.0.1"
    mime-types "~2.1.19"
    oauth-sign "~0.9.0"
    performance-now "^2.1.0"
    qs "~6.5.2"
    safe-buffer "^5.1.2"
    tough-cookie "~2.4.3"
    tunnel-agent "^0.6.0"
    uuid "^3.3.2"

safe-buffer@^5.0.1, safe-buffer@^5.1.2, safe-buffer@~5.1.0:
  version "5.1.2"
  resolved "https://registry.npmjs.org/safe-buffer/-/safe-buffer-5.1.2.tgz#991ec69d296e0313747d59bdfd2b745c35f8828d"

safer-buffer@^2.0.2, safer-buffer@^2.1.0, safer-buffer@~2.1.0:
  version "2.1.2"
  resolved "https://registry.npmjs.org/safer-buffer/-/safer-buffer-2.1.2.tgz#44fa161b0187b9549dd84bb91802f9bd8385cd6a"

sax@^1.1.4:
  version "1.2.4"
  resolved "https://registry.npmjs.org/sax/-/sax-1.2.4.tgz#2816234e2378bddc4e5354fab5caa895df7100d9"

scrape-it@^5.1.4:
  version "5.1.4"
  resolved "https://registry.npmjs.org/scrape-it/-/scrape-it-5.1.4.tgz#380cf245e69cfb15094d2321ee67e80ee28cc7de"
  dependencies:
    assured "^1.0.12"
    cheerio "^0.22.0"
    cheerio-req "^1.2.2"
    err "^2.1.10"
    is-empty-obj "^1.0.10"
    iterate-object "^1.3.2"
    obj-def "^1.0.6"
    typpy "^2.3.10"

sliced@^1.0.1:
  version "1.0.1"
  resolved "https://registry.npmjs.org/sliced/-/sliced-1.0.1.tgz#0b3a662b5d04c3177b1926bea82b03f837a2ef41"

source-map@~0.6.1:
  version "0.6.1"
  resolved "https://registry.npmjs.org/source-map/-/source-map-0.6.1.tgz#74722af32e9614e9c287a8d0bbde48b5e2f1a263"

sshpk@^1.7.0:
  version "1.16.0"
  resolved "https://registry.npmjs.org/sshpk/-/sshpk-1.16.0.tgz#1d4963a2fbffe58050aa9084ca20be81741c07de"
  dependencies:
    asn1 "~0.2.3"
    assert-plus "^1.0.0"
    bcrypt-pbkdf "^1.0.0"
    dashdash "^1.12.0"
    ecc-jsbn "~0.1.1"
    getpass "^0.1.1"
    jsbn "~0.1.0"
    safer-buffer "^2.0.2"
    tweetnacl "~0.14.0"

stealthy-require@^1.1.0:
  version "1.1.1"
  resolved "https://registry.npmjs.org/stealthy-require/-/stealthy-require-1.1.1.tgz#35b09875b4ff49f26a777e509b3090a3226bf24b"

string_decoder@^1.1.1:
  version "1.2.0"
  resolved "https://registry.npmjs.org/string_decoder/-/string_decoder-1.2.0.tgz#fe86e738b19544afe70469243b2a1ee9240eae8d"
  dependencies:
    safe-buffer "~5.1.0"

string_decoder@~0.10.x:
  version "0.10.31"
  resolved "https://registry.npmjs.org/string_decoder/-/string_decoder-0.10.31.tgz#62e203bc41766c6c28c9fc84301dab1c5310fa94"

"symbol-tree@>= 3.1.0 < 4.0.0":
  version "3.2.2"
  resolved "https://registry.npmjs.org/symbol-tree/-/symbol-tree-3.2.2.tgz#ae27db38f660a7ae2e1c3b7d1bc290819b8519e6"

tinyreq@^3.3.0:
  version "3.4.1"
  resolved "https://registry.npmjs.org/tinyreq/-/tinyreq-3.4.1.tgz#bda354531817d2db72e85a3da71fa14de940dca3"
  dependencies:
    assured "^1.0.12"
    follow-redirects "^1.4.1"
    noop6 "^1.0.7"
    ul "^5.2.13"

tough-cookie@>=2.3.3, tough-cookie@^2.2.0:
  version "2.5.0"
  resolved "https://registry.npmjs.org/tough-cookie/-/tough-cookie-2.5.0.tgz#cd9fb2a0aa1d5a12b473bd9fb96fa3dcff65ade2"
  dependencies:
    psl "^1.1.28"
    punycode "^2.1.1"

tough-cookie@~2.4.3:
  version "2.4.3"
  resolved "https://registry.npmjs.org/tough-cookie/-/tough-cookie-2.4.3.tgz#53f36da3f47783b0925afa06ff9f3b165280f781"
  dependencies:
    psl "^1.1.24"
    punycode "^1.4.1"

tr46@~0.0.1:
  version "0.0.3"
  resolved "https://registry.npmjs.org/tr46/-/tr46-0.0.3.tgz#8184fd347dac9cdc185992f3a6622e14b9d9ab6a"

tunnel-agent@^0.6.0:
  version "0.6.0"
  resolved "https://registry.npmjs.org/tunnel-agent/-/tunnel-agent-0.6.0.tgz#27a5dea06b36b04a0a9966774b290868f0fc40fd"
  dependencies:
    safe-buffer "^5.0.1"

tweetnacl@^0.14.3, tweetnacl@~0.14.0:
  version "0.14.5"
  resolved "https://registry.npmjs.org/tweetnacl/-/tweetnacl-0.14.5.tgz#5ae68177f192d4456269d108afa93ff8743f4f64"

type-check@~0.3.2:
  version "0.3.2"
  resolved "https://registry.npmjs.org/type-check/-/type-check-0.3.2.tgz#5884cab512cf1d355e3fb784f30804b2b520db72"
  dependencies:
    prelude-ls "~1.1.2"

typpy@^2.0.0, typpy@^2.2.0, typpy@^2.3.1, typpy@^2.3.10, typpy@^2.3.4:
  version "2.3.11"
  resolved "https://registry.npmjs.org/typpy/-/typpy-2.3.11.tgz#21a0d22c96fb646306e08b6c669ad43608e1b3b9"
  dependencies:
    function.name "^1.0.3"

ul@^5.2.13:
  version "5.2.14"
  resolved "https://registry.npmjs.org/ul/-/ul-5.2.14.tgz#560abd28d0f9762010b0e7a84a56e7208166f61a"
  dependencies:
    deffy "^2.2.2"
    typpy "^2.3.4"

universalify@^0.1.0:
  version "0.1.2"
  resolved "https://registry.npmjs.org/universalify/-/universalify-0.1.2.tgz#b646f69be3942dabcecc9d6639c80dc105efaa66"

uri-js@^4.2.2:
  version "4.2.2"
  resolved "https://registry.npmjs.org/uri-js/-/uri-js-4.2.2.tgz#94c540e1ff772956e2299507c010aea6c8838eb0"
  dependencies:
    punycode "^2.1.0"

util-deprecate@^1.0.1:
  version "1.0.2"
  resolved "https://registry.npmjs.org/util-deprecate/-/util-deprecate-1.0.2.tgz#450d4dc9fa70de732762fbd2d4a28981419a0ccf"

uuid@^3.3.2:
  version "3.3.2"
  resolved "https://registry.npmjs.org/uuid/-/uuid-3.3.2.tgz#1b4af4955eb3077c501c23872fc6513811587131"

verror@1.10.0:
  version "1.10.0"
  resolved "https://registry.npmjs.org/verror/-/verror-1.10.0.tgz#3a105ca17053af55d6e270c1f8288682e18da400"
  dependencies:
    assert-plus "^1.0.0"
    core-util-is "1.0.2"
    extsprintf "^1.2.0"

webidl-conversions@^2.0.0:
  version "2.0.1"
  resolved "https://registry.npmjs.org/webidl-conversions/-/webidl-conversions-2.0.1.tgz#3bf8258f7d318c7443c36f2e169402a1a6703506"

whatwg-url-compat@~0.6.5:
  version "0.6.5"
  resolved "https://registry.npmjs.org/whatwg-url-compat/-/whatwg-url-compat-0.6.5.tgz#00898111af689bb097541cd5a45ca6c8798445bf"
  dependencies:
    tr46 "~0.0.1"

wordwrap@~1.0.0:
  version "1.0.0"
  resolved "https://registry.npmjs.org/wordwrap/-/wordwrap-1.0.0.tgz#27584810891456a4171c8d0226441ade90cbcaeb"

"xml-name-validator@>= 2.0.1 < 3.0.0":
  version "2.0.1"
  resolved "https://registry.npmjs.org/xml-name-validator/-/xml-name-validator-2.0.1.tgz#4d8b8f1eccd3419aa362061becef515e1e559635"
